
Microsoft Visual Studio Solution File, Format Version 12.00
# Visual Studio 15
VisualStudioVersion = 15.0.27004.2005
MinimumVisualStudioVersion = 10.0.40219.1
Project("{FAE04EC0-301F-11D3-BF4B-00C04F79EFBC}") = "Lib", "ClassLibrary1\Lib.csproj", "{5A8BA6E2-2932-41D4-8F04-2937849EDE1B}"
EndProject
Project("{FAE04EC0-301F-11D3-BF4B-00C04F79EFBC}") = "LibAndroid", "Lib.Android\LibAndroid.csproj", "{093D8981-6C0A-4FD9-BD78-C39ED1B5FA03}"
EndProject
Global
	GlobalSection(SolutionConfigurationPlatforms) = preSolution
		Debug|Any CPU = Debug|Any CPU
		Release|Any CPU = Release|Any CPU
	EndGlobalSection
	GlobalSection(ProjectConfigurationPlatforms) = postSolution
		{5A8BA6E2-2932-41D4-8F04-2937849EDE1B}.Debug|Any CPU.ActiveCfg = Debug|Any CPU
		{5A8BA6E2-2932-41D4-8F04-2937849EDE1B}.Debug|Any CPU.Build.0 = Debug|Any CPU
		{5A8BA6E2-2932-41D4-8F04-2937849EDE1B}.Release|Any CPU.ActiveCfg = Release|Any CPU
		{5A8BA6E2-2932-41D4-8F04-2937849EDE1B}.Release|Any CPU.Build.0 = Release|Any CPU
		{093D8981-6C0A-4FD9-BD78-C39ED1B5FA03}.Debug|Any CPU.ActiveCfg = Debug|Any CPU
		{093D8981-6C0A-4FD9-BD78-C39ED1B5FA03}.Debug|Any CPU.Build.0 = Debug|Any CPU
		{093D8981-6C0A-4FD9-BD78-C39ED1B5FA03}.Release|Any CPU.ActiveCfg = Release|Any CPU
		{093D8981-6C0A-4FD9-BD78-C39ED1B5FA03}.Release|Any CPU.Build.0 = Release|Any CPU
	EndGlobalSection
	GlobalSection(SolutionProperties) = preSolution
		HideSolutionNode = FALSE
	EndGlobalSection
	GlobalSection(ExtensibilityGlobals) = postSolution
		SolutionGuid = {F3FDEF46-764B-4514-8024-0AACCD6F2647}
	EndGlobalSection
EndGlobal
