
Microsoft Visual Studio Solution File, Format Version 12.00
# Visual Studio 15
VisualStudioVersion = 15.0.27004.2005
MinimumVisualStudioVersion = 10.0.40219.1
Project("{FAE04EC0-301F-11D3-BF4B-00C04F79EFBC}") = "Hello", "Hello\Hello.csproj", "{678B3CE3-F8C9-493D-A1E6-7F5ACC76E032}"
EndProject
Project("{FAE04EC0-301F-11D3-BF4B-00C04F79EFBC}") = "PortableLibrary", "PortableLibrary\PortableLibrary.csproj", "{294B6B65-77F2-41ED-9B1C-DF697929F278}"
EndProject
Global
	GlobalSection(SolutionConfigurationPlatforms) = preSolution
		Debug|Any CPU = Debug|Any CPU
		Release|Any CPU = Release|Any CPU
	EndGlobalSection
	GlobalSection(ProjectConfigurationPlatforms) = postSolution
		{678B3CE3-F8C9-493D-A1E6-7F5ACC76E032}.Debug|Any CPU.ActiveCfg = Debug|Any CPU
		{678B3CE3-F8C9-493D-A1E6-7F5ACC76E032}.Debug|Any CPU.Build.0 = Debug|Any CPU
		{678B3CE3-F8C9-493D-A1E6-7F5ACC76E032}.Debug|Any CPU.Deploy.0 = Debug|Any CPU
		{678B3CE3-F8C9-493D-A1E6-7F5ACC76E032}.Release|Any CPU.ActiveCfg = Release|Any CPU
		{678B3CE3-F8C9-493D-A1E6-7F5ACC76E032}.Release|Any CPU.Build.0 = Release|Any CPU
		{678B3CE3-F8C9-493D-A1E6-7F5ACC76E032}.Release|Any CPU.Deploy.0 = Release|Any CPU
		{294B6B65-77F2-41ED-9B1C-DF697929F278}.Debug|Any CPU.ActiveCfg = Debug|Any CPU
		{294B6B65-77F2-41ED-9B1C-DF697929F278}.Debug|Any CPU.Build.0 = Debug|Any CPU
		{294B6B65-77F2-41ED-9B1C-DF697929F278}.Release|Any CPU.ActiveCfg = Release|Any CPU
		{294B6B65-77F2-41ED-9B1C-DF697929F278}.Release|Any CPU.Build.0 = Release|Any CPU
	EndGlobalSection
	GlobalSection(SolutionProperties) = preSolution
		HideSolutionNode = FALSE
	EndGlobalSection
	GlobalSection(ExtensibilityGlobals) = postSolution
		SolutionGuid = {83B82452-16F3-44A6-84EC-C3E579FDD7EA}
	EndGlobalSection
EndGlobal
